# Generated by buf. DO NOT EDIT.
version: v1
deps:
  - remote: buf.build
    owner: envoyproxy
    repository: protoc-gen-validate
    branch: main
    commit: bb405eae115246f0b5ccf8997136e3d8
    digest: b1-BJUoAjBMVXaIMUNFJ5kdGr-be0QDwhDSTEDQpoxXzys=
    create_time: 2021-08-20T15:05:15.02577Z
  - remote: buf.build
    owner: googleapis
    repository: googleapis
    branch: main
    commit: e16155da3b4a49e48bd18cdcb029004d
    digest: b1--CthFBW4QSXRq35NiPd7Uu9WN2xWeV9_GVRe5mbTVuI=
    create_time: 2021-09-30T15:08:49.529359Z
  - remote: buf.build
    owner: grpc-ecosystem
    repository: grpc-gateway
    branch: main
    commit: de24a84aed3d4d84806740946b55d947
    digest: b1-Q-mEW3P3NR5UL8gm0pr3YWFSo5DAtrBqqgvkwH2WFWw=
    create_time: 2021-09-08T00:32:28.231758Z
